
Microsoft Visual Studio Solution File, Format Version 12.00
# Visual Studio Version 17
VisualStudioVersion = 17.3.32929.385
MinimumVisualStudioVersion = 10.0.40219.1
Project("{FAE04EC0-301F-11D3-BF4B-00C04F79EFBC}") = "JenkinsCakeScript", "JenkinsCakeScript\JenkinsCakeScript.csproj", "{A5F3F84B-0387-445A-8848-7318F3888C61}"
EndProject
Global
	GlobalSection(SolutionConfigurationPlatforms) = preSolution
		Debug|Any CPU = Debug|Any CPU
		Release|Any CPU = Release|Any CPU
	EndGlobalSection
	GlobalSection(ProjectConfigurationPlatforms) = postSolution
		{A5F3F84B-0387-445A-8848-7318F3888C61}.Debug|Any CPU.ActiveCfg = Debug|Any CPU
		{A5F3F84B-0387-445A-8848-7318F3888C61}.Debug|Any CPU.Build.0 = Debug|Any CPU
		{A5F3F84B-0387-445A-8848-7318F3888C61}.Release|Any CPU.ActiveCfg = Release|Any CPU
		{A5F3F84B-0387-445A-8848-7318F3888C61}.Release|Any CPU.Build.0 = Release|Any CPU
	EndGlobalSection
	GlobalSection(SolutionProperties) = preSolution
		HideSolutionNode = FALSE
	EndGlobalSection
	GlobalSection(ExtensibilityGlobals) = postSolution
		SolutionGuid = {00CB2402-B76E-4B5E-AA1A-89C571D99DA3}
	EndGlobalSection
EndGlobal
